
Microsoft Visual Studio Solution File, Format Version 12.00
# Visual Studio Version 16
VisualStudioVersion = 16.0.31729.503
MinimumVisualStudioVersion = 10.0.40219.1
Project("{FAE04EC0-301F-11D3-BF4B-00C04F79EFBC}") = "HEW2023", "HEW2023\HEW2023.csproj", "{4A1A71D3-3325-42AF-BB24-3B2520A02BEE}"
EndProject
Global
	GlobalSection(SolutionConfigurationPlatforms) = preSolution
		Debug|Any CPU = Debug|Any CPU
		Release|Any CPU = Release|Any CPU
	EndGlobalSection
	GlobalSection(ProjectConfigurationPlatforms) = postSolution
		{4A1A71D3-3325-42AF-BB24-3B2520A02BEE}.Debug|Any CPU.ActiveCfg = Debug|Any CPU
		{4A1A71D3-3325-42AF-BB24-3B2520A02BEE}.Debug|Any CPU.Build.0 = Debug|Any CPU
		{4A1A71D3-3325-42AF-BB24-3B2520A02BEE}.Release|Any CPU.ActiveCfg = Release|Any CPU
		{4A1A71D3-3325-42AF-BB24-3B2520A02BEE}.Release|Any CPU.Build.0 = Release|Any CPU
	EndGlobalSection
	GlobalSection(SolutionProperties) = preSolution
		HideSolutionNode = FALSE
	EndGlobalSection
	GlobalSection(ExtensibilityGlobals) = postSolution
		SolutionGuid = {998C2AA6-811B-4502-9FCA-92B48AEFFA08}
	EndGlobalSection
EndGlobal
